
Microsoft Visual Studio Solution File, Format Version 12.00
# Visual Studio Version 17
VisualStudioVersion = 17.13.35931.197
MinimumVisualStudioVersion = 10.0.40219.1
Project("{8BC9CEB8-8B4A-11D0-8D11-00A0C91BC942}") = "PG3-0-1", "PG3-0-1.vcxproj", "{3F91D2FE-A0D2-4A91-8CB1-D45999B48191}"
EndProject
Project("{2150E333-8FDC-42A3-9474-1A3956D46DE8}") = "ソリューション項目", "ソリューション項目", "{2022CB0F-8BAF-F49E-0C48-8EF4C96EC109}"
	ProjectSection(SolutionItems) = preProject
		.editorconfig = .editorconfig
	EndProjectSection
EndProject
Global
	GlobalSection(SolutionConfigurationPlatforms) = preSolution
		Debug|x64 = Debug|x64
		Debug|x86 = Debug|x86
		Release|x64 = Release|x64
		Release|x86 = Release|x86
	EndGlobalSection
	GlobalSection(ProjectConfigurationPlatforms) = postSolution
		{3F91D2FE-A0D2-4A91-8CB1-D45999B48191}.Debug|x64.ActiveCfg = Debug|x64
		{3F91D2FE-A0D2-4A91-8CB1-D45999B48191}.Debug|x64.Build.0 = Debug|x64
		{3F91D2FE-A0D2-4A91-8CB1-D45999B48191}.Debug|x86.ActiveCfg = Debug|Win32
		{3F91D2FE-A0D2-4A91-8CB1-D45999B48191}.Debug|x86.Build.0 = Debug|Win32
		{3F91D2FE-A0D2-4A91-8CB1-D45999B48191}.Release|x64.ActiveCfg = Release|x64
		{3F91D2FE-A0D2-4A91-8CB1-D45999B48191}.Release|x64.Build.0 = Release|x64
		{3F91D2FE-A0D2-4A91-8CB1-D45999B48191}.Release|x86.ActiveCfg = Release|Win32
		{3F91D2FE-A0D2-4A91-8CB1-D45999B48191}.Release|x86.Build.0 = Release|Win32
	EndGlobalSection
	GlobalSection(SolutionProperties) = preSolution
		HideSolutionNode = FALSE
	EndGlobalSection
	GlobalSection(ExtensibilityGlobals) = postSolution
		SolutionGuid = {343EA2DD-D418-4CBF-8E39-D74754114720}
	EndGlobalSection
EndGlobal
